
Microsoft Visual Studio Solution File, Format Version 12.00
# Visual Studio Version 17
VisualStudioVersion = 17.13.35825.156 d17.13
MinimumVisualStudioVersion = 10.0.40219.1
Project("{FAE04EC0-301F-11D3-BF4B-00C04F79EFBC}") = "SoundSetter", "SoundSetter\SoundSetter.csproj", "{5859BB95-06AF-4BCA-A3A6-CDCE9CED811E}"
EndProject
Global
	GlobalSection(SolutionConfigurationPlatforms) = preSolution
		Debug|x64 = Debug|x64
		Release|x64 = Release|x64
	EndGlobalSection
	GlobalSection(ProjectConfigurationPlatforms) = postSolution
		{5859BB95-06AF-4BCA-A3A6-CDCE9CED811E}.Debug|x64.ActiveCfg = Debug|x64
		{5859BB95-06AF-4BCA-A3A6-CDCE9CED811E}.Debug|x64.Build.0 = Debug|x64
		{5859BB95-06AF-4BCA-A3A6-CDCE9CED811E}.Release|x64.ActiveCfg = Release|x64
		{5859BB95-06AF-4BCA-A3A6-CDCE9CED811E}.Release|x64.Build.0 = Release|x64
	EndGlobalSection
	GlobalSection(SolutionProperties) = preSolution
		HideSolutionNode = FALSE
	EndGlobalSection
	GlobalSection(ExtensibilityGlobals) = postSolution
		SolutionGuid = {6651BC2A-668C-44C0-B98D-5EE8313F5558}
	EndGlobalSection
EndGlobal
